{
  "requires": true,
  "lockfileVersion": 1,
  "dependencies": {
    "@grapecity/spread-excelio": {
      "version": "15.2.5",
      "resolved": "https://registry.npmjs.org/@grapecity/spread-excelio/-/spread-excelio-15.2.5.tgz",
      "integrity": "sha512-rWN5cu5DL0l1zue8h1cu2Xo35XaijniljPA1ly+PGRNyaL0URrlaE+SNfcAnr3mGyTJoIZXbXvyoGpjuiMF8+A==",
      "requires": {
        "@grapecity/spread-sheets": "15.2.5"
      }
    },
    "@grapecity/spread-sheets": {
      "version": "15.2.5",
      "resolved": "https://registry.npmjs.org/@grapecity/spread-sheets/-/spread-sheets-15.2.5.tgz",
      "integrity": "sha512-3FEiTaC+b595bBATGp/q7TB08gJ5Bqpj8fnzZfM7EjbQ+1EsM8oXK4UlKxOuyOTd9zb1rqAky0YFMBr8PeQnEA=="
    },
    "jquery": {
      "version": "3.7.0",
      "resolved": "https://registry.npmjs.org/jquery/-/jquery-3.7.0.tgz",
      "integrity": "sha512-umpJ0/k8X0MvD1ds0P9SfowREz2LenHsQaxSohMZ5OMNEU2r0tf8pdeEFTHMFxWVxKNyU9rTtK3CWzUCTKJUeQ=="
    }
  }
}
